
Microsoft Visual Studio Solution File, Format Version 12.00
# Visual Studio Version 17
VisualStudioVersion = 17.4.33110.190
MinimumVisualStudioVersion = 10.0.40219.1
Project("{9A19103F-16F7-4668-BE54-9A1E7A4F7556}") = "ADSynchronizer", "ADSynchronizer\ADSynchronizer.csproj", "{4592FFF4-A8F6-46F9-95B0-347BD7D874DA}"
EndProject
Global
	GlobalSection(SolutionConfigurationPlatforms) = preSolution
		Debug|Any CPU = Debug|Any CPU
		Release|Any CPU = Release|Any CPU
	EndGlobalSection
	GlobalSection(ProjectConfigurationPlatforms) = postSolution
		{4592FFF4-A8F6-46F9-95B0-347BD7D874DA}.Debug|Any CPU.ActiveCfg = Debug|Any CPU
		{4592FFF4-A8F6-46F9-95B0-347BD7D874DA}.Debug|Any CPU.Build.0 = Debug|Any CPU
		{4592FFF4-A8F6-46F9-95B0-347BD7D874DA}.Release|Any CPU.ActiveCfg = Release|Any CPU
		{4592FFF4-A8F6-46F9-95B0-347BD7D874DA}.Release|Any CPU.Build.0 = Release|Any CPU
	EndGlobalSection
	GlobalSection(SolutionProperties) = preSolution
		HideSolutionNode = FALSE
	EndGlobalSection
	GlobalSection(ExtensibilityGlobals) = postSolution
		SolutionGuid = {37A1A32F-F791-4BD9-98FE-D14486966C7D}
	EndGlobalSection
EndGlobal
